
Microsoft Visual Studio Solution File, Format Version 12.00
# Visual Studio 14
VisualStudioVersion = 14.0.24720.0
MinimumVisualStudioVersion = 10.0.40219.1
Project("{2150E333-8FDC-42A3-9474-1A3956D46DE8}") = "src", "src", "{6267E2ED-942C-497D-BFC9-B3CE0AFC276F}"
EndProject
Project("{8BB2217D-0F2D-49D1-97BC-3654ED321F3B}") = "MediatR", "src\MediatR\MediatR.xproj", "{12DA3F16-060B-467A-993F-2DF25EE6E6A8}"
EndProject
Project("{2150E333-8FDC-42A3-9474-1A3956D46DE8}") = "test", "test", "{962C5ACA-AB2B-4E9B-9EBB-7E7EE28CDBB1}"
EndProject
Project("{8BB2217D-0F2D-49D1-97BC-3654ED321F3B}") = "MediatR.Tests", "test\MediatR.Tests\MediatR.Tests.xproj", "{4FB0CFC4-90E3-467F-9704-6FBF637F9B4B}"
EndProject
Project("{2150E333-8FDC-42A3-9474-1A3956D46DE8}") = "samples", "samples", "{95CFF0CD-87A6-4CB6-A99F-42EAD0829E37}"
EndProject
Project("{8BB2217D-0F2D-49D1-97BC-3654ED321F3B}") = "MediatR.Examples", "samples\MediatR.Examples\MediatR.Examples.xproj", "{18AB74EF-6E32-42C5-B6C4-159624CEDC5D}"
EndProject
Project("{8BB2217D-0F2D-49D1-97BC-3654ED321F3B}") = "MediatR.Examples.Autofac", "samples\MediatR.Examples.Autofac\MediatR.Examples.Autofac.xproj", "{DD286AB8-BA96-4476-82DF-371275EA8C10}"
EndProject
Project("{8BB2217D-0F2D-49D1-97BC-3654ED321F3B}") = "MediatR.Examples.LightInject", "samples\MediatR.Examples.LightInject\MediatR.Examples.LightInject.xproj", "{0A0796F1-A0BE-4D15-A8F3-B6EFA41CAF0B}"
EndProject
Project("{8BB2217D-0F2D-49D1-97BC-3654ED321F3B}") = "MediatR.Examples.Ninject", "samples\MediatR.Examples.Ninject\MediatR.Examples.Ninject.xproj", "{124CEC1B-16C7-4E33-AB57-6FB8E575D629}"
EndProject
Project("{8BB2217D-0F2D-49D1-97BC-3654ED321F3B}") = "MediatR.Examples.NoContainer", "samples\MediatR.Examples.NoContainer\MediatR.Examples.NoContainer.xproj", "{71DBDCD2-AEFA-4E39-BCB0-A80D4A7D4F27}"
EndProject
Project("{8BB2217D-0F2D-49D1-97BC-3654ED321F3B}") = "MediatR.Examples.SimpleInjector", "samples\MediatR.Examples.SimpleInjector\MediatR.Examples.SimpleInjector.xproj", "{A7FB2047-A4A0-4630-8C4C-31E7FA6ED902}"
EndProject
Project("{8BB2217D-0F2D-49D1-97BC-3654ED321F3B}") = "MediatR.Examples.StructureMap", "samples\MediatR.Examples.StructureMap\MediatR.Examples.StructureMap.xproj", "{7487E97A-CDA0-454D-8F62-CEE376DD3C3E}"
EndProject
Project("{8BB2217D-0F2D-49D1-97BC-3654ED321F3B}") = "MediatR.Examples.Unity", "samples\MediatR.Examples.Unity\MediatR.Examples.Unity.xproj", "{DB0D5202-F21C-4096-9FD8-A5B2D3BF9E36}"
EndProject
Project("{8BB2217D-0F2D-49D1-97BC-3654ED321F3B}") = "MediatR.Examples.Windsor", "samples\MediatR.Examples.Windsor\MediatR.Examples.Windsor.xproj", "{BFF350A1-4FB1-4355-8437-675605BF8C52}"
EndProject
Global
	GlobalSection(SolutionConfigurationPlatforms) = preSolution
		Debug|Any CPU = Debug|Any CPU
		Release|Any CPU = Release|Any CPU
	EndGlobalSection
	GlobalSection(ProjectConfigurationPlatforms) = postSolution
		{12DA3F16-060B-467A-993F-2DF25EE6E6A8}.Debug|Any CPU.ActiveCfg = Debug|Any CPU
		{12DA3F16-060B-467A-993F-2DF25EE6E6A8}.Debug|Any CPU.Build.0 = Debug|Any CPU
		{12DA3F16-060B-467A-993F-2DF25EE6E6A8}.Release|Any CPU.ActiveCfg = Release|Any CPU
		{12DA3F16-060B-467A-993F-2DF25EE6E6A8}.Release|Any CPU.Build.0 = Release|Any CPU
		{4FB0CFC4-90E3-467F-9704-6FBF637F9B4B}.Debug|Any CPU.ActiveCfg = Debug|Any CPU
		{4FB0CFC4-90E3-467F-9704-6FBF637F9B4B}.Debug|Any CPU.Build.0 = Debug|Any CPU
		{4FB0CFC4-90E3-467F-9704-6FBF637F9B4B}.Release|Any CPU.ActiveCfg = Release|Any CPU
		{4FB0CFC4-90E3-467F-9704-6FBF637F9B4B}.Release|Any CPU.Build.0 = Release|Any CPU
		{18AB74EF-6E32-42C5-B6C4-159624CEDC5D}.Debug|Any CPU.ActiveCfg = Debug|Any CPU
		{18AB74EF-6E32-42C5-B6C4-159624CEDC5D}.Debug|Any CPU.Build.0 = Debug|Any CPU
		{18AB74EF-6E32-42C5-B6C4-159624CEDC5D}.Release|Any CPU.ActiveCfg = Release|Any CPU
		{18AB74EF-6E32-42C5-B6C4-159624CEDC5D}.Release|Any CPU.Build.0 = Release|Any CPU
		{DD286AB8-BA96-4476-82DF-371275EA8C10}.Debug|Any CPU.ActiveCfg = Debug|Any CPU
		{DD286AB8-BA96-4476-82DF-371275EA8C10}.Debug|Any CPU.Build.0 = Debug|Any CPU
		{DD286AB8-BA96-4476-82DF-371275EA8C10}.Release|Any CPU.ActiveCfg = Release|Any CPU
		{DD286AB8-BA96-4476-82DF-371275EA8C10}.Release|Any CPU.Build.0 = Release|Any CPU
		{0A0796F1-A0BE-4D15-A8F3-B6EFA41CAF0B}.Debug|Any CPU.ActiveCfg = Debug|Any CPU
		{0A0796F1-A0BE-4D15-A8F3-B6EFA41CAF0B}.Debug|Any CPU.Build.0 = Debug|Any CPU
		{0A0796F1-A0BE-4D15-A8F3-B6EFA41CAF0B}.Release|Any CPU.ActiveCfg = Release|Any CPU
		{0A0796F1-A0BE-4D15-A8F3-B6EFA41CAF0B}.Release|Any CPU.Build.0 = Release|Any CPU
		{124CEC1B-16C7-4E33-AB57-6FB8E575D629}.Debug|Any CPU.ActiveCfg = Debug|Any CPU
		{124CEC1B-16C7-4E33-AB57-6FB8E575D629}.Debug|Any CPU.Build.0 = Debug|Any CPU
		{124CEC1B-16C7-4E33-AB57-6FB8E575D629}.Release|Any CPU.ActiveCfg = Release|Any CPU
		{124CEC1B-16C7-4E33-AB57-6FB8E575D629}.Release|Any CPU.Build.0 = Release|Any CPU
		{71DBDCD2-AEFA-4E39-BCB0-A80D4A7D4F27}.Debug|Any CPU.ActiveCfg = Debug|Any CPU
		{71DBDCD2-AEFA-4E39-BCB0-A80D4A7D4F27}.Debug|Any CPU.Build.0 = Debug|Any CPU
		{71DBDCD2-AEFA-4E39-BCB0-A80D4A7D4F27}.Release|Any CPU.ActiveCfg = Release|Any CPU
		{71DBDCD2-AEFA-4E39-BCB0-A80D4A7D4F27}.Release|Any CPU.Build.0 = Release|Any CPU
		{A7FB2047-A4A0-4630-8C4C-31E7FA6ED902}.Debug|Any CPU.ActiveCfg = Debug|Any CPU
		{A7FB2047-A4A0-4630-8C4C-31E7FA6ED902}.Debug|Any CPU.Build.0 = Debug|Any CPU
		{A7FB2047-A4A0-4630-8C4C-31E7FA6ED902}.Release|Any CPU.ActiveCfg = Release|Any CPU
		{A7FB2047-A4A0-4630-8C4C-31E7FA6ED902}.Release|Any CPU.Build.0 = Release|Any CPU
		{7487E97A-CDA0-454D-8F62-CEE376DD3C3E}.Debug|Any CPU.ActiveCfg = Debug|Any CPU
		{7487E97A-CDA0-454D-8F62-CEE376DD3C3E}.Debug|Any CPU.Build.0 = Debug|Any CPU
		{7487E97A-CDA0-454D-8F62-CEE376DD3C3E}.Release|Any CPU.ActiveCfg = Release|Any CPU
		{7487E97A-CDA0-454D-8F62-CEE376DD3C3E}.Release|Any CPU.Build.0 = Release|Any CPU
		{DB0D5202-F21C-4096-9FD8-A5B2D3BF9E36}.Debug|Any CPU.ActiveCfg = Debug|Any CPU
		{DB0D5202-F21C-4096-9FD8-A5B2D3BF9E36}.Debug|Any CPU.Build.0 = Debug|Any CPU
		{DB0D5202-F21C-4096-9FD8-A5B2D3BF9E36}.Release|Any CPU.ActiveCfg = Release|Any CPU
		{DB0D5202-F21C-4096-9FD8-A5B2D3BF9E36}.Release|Any CPU.Build.0 = Release|Any CPU
		{BFF350A1-4FB1-4355-8437-675605BF8C52}.Debug|Any CPU.ActiveCfg = Debug|Any CPU
		{BFF350A1-4FB1-4355-8437-675605BF8C52}.Debug|Any CPU.Build.0 = Debug|Any CPU
		{BFF350A1-4FB1-4355-8437-675605BF8C52}.Release|Any CPU.ActiveCfg = Release|Any CPU
		{BFF350A1-4FB1-4355-8437-675605BF8C52}.Release|Any CPU.Build.0 = Release|Any CPU
	EndGlobalSection
	GlobalSection(SolutionProperties) = preSolution
		HideSolutionNode = FALSE
	EndGlobalSection
	GlobalSection(NestedProjects) = preSolution
		{12DA3F16-060B-467A-993F-2DF25EE6E6A8} = {6267E2ED-942C-497D-BFC9-B3CE0AFC276F}
		{4FB0CFC4-90E3-467F-9704-6FBF637F9B4B} = {962C5ACA-AB2B-4E9B-9EBB-7E7EE28CDBB1}
		{18AB74EF-6E32-42C5-B6C4-159624CEDC5D} = {95CFF0CD-87A6-4CB6-A99F-42EAD0829E37}
		{DD286AB8-BA96-4476-82DF-371275EA8C10} = {95CFF0CD-87A6-4CB6-A99F-42EAD0829E37}
		{0A0796F1-A0BE-4D15-A8F3-B6EFA41CAF0B} = {95CFF0CD-87A6-4CB6-A99F-42EAD0829E37}
		{124CEC1B-16C7-4E33-AB57-6FB8E575D629} = {95CFF0CD-87A6-4CB6-A99F-42EAD0829E37}
		{71DBDCD2-AEFA-4E39-BCB0-A80D4A7D4F27} = {95CFF0CD-87A6-4CB6-A99F-42EAD0829E37}
		{A7FB2047-A4A0-4630-8C4C-31E7FA6ED902} = {95CFF0CD-87A6-4CB6-A99F-42EAD0829E37}
		{7487E97A-CDA0-454D-8F62-CEE376DD3C3E} = {95CFF0CD-87A6-4CB6-A99F-42EAD0829E37}
		{DB0D5202-F21C-4096-9FD8-A5B2D3BF9E36} = {95CFF0CD-87A6-4CB6-A99F-42EAD0829E37}
		{BFF350A1-4FB1-4355-8437-675605BF8C52} = {95CFF0CD-87A6-4CB6-A99F-42EAD0829E37}
	EndGlobalSection
EndGlobal
