
Microsoft Visual Studio Solution File, Format Version 12.00
# Visual Studio 15
VisualStudioVersion = 15.0.27130.2036
MinimumVisualStudioVersion = 10.0.40219.1
Project("{2150E333-8FDC-42A3-9474-1A3956D46DE8}") = "src", "src", "{6267E2ED-942C-497D-BFC9-B3CE0AFC276F}"
EndProject
Project("{2150E333-8FDC-42A3-9474-1A3956D46DE8}") = "test", "test", "{962C5ACA-AB2B-4E9B-9EBB-7E7EE28CDBB1}"
EndProject
Project("{2150E333-8FDC-42A3-9474-1A3956D46DE8}") = "samples", "samples", "{95CFF0CD-87A6-4CB6-A99F-42EAD0829E37}"
EndProject
Project("{9A19103F-16F7-4668-BE54-9A1E7A4F7556}") = "MediatR", "src\MediatR\MediatR.csproj", "{12DA3F16-060B-467A-993F-2DF25EE6E6A8}"
EndProject
Project("{9A19103F-16F7-4668-BE54-9A1E7A4F7556}") = "MediatR.Tests", "test\MediatR.Tests\MediatR.Tests.csproj", "{4FB0CFC4-90E3-467F-9704-6FBF637F9B4B}"
EndProject
Project("{9A19103F-16F7-4668-BE54-9A1E7A4F7556}") = "MediatR.Examples", "samples\MediatR.Examples\MediatR.Examples.csproj", "{18AB74EF-6E32-42C5-B6C4-159624CEDC5D}"
EndProject
Project("{9A19103F-16F7-4668-BE54-9A1E7A4F7556}") = "MediatR.Examples.Autofac", "samples\MediatR.Examples.Autofac\MediatR.Examples.Autofac.csproj", "{DD286AB8-BA96-4476-82DF-371275EA8C10}"
EndProject
Project("{9A19103F-16F7-4668-BE54-9A1E7A4F7556}") = "MediatR.Examples.LightInject", "samples\MediatR.Examples.LightInject\MediatR.Examples.LightInject.csproj", "{0A0796F1-A0BE-4D15-A8F3-B6EFA41CAF0B}"
EndProject
Project("{9A19103F-16F7-4668-BE54-9A1E7A4F7556}") = "MediatR.Examples.Ninject", "samples\MediatR.Examples.Ninject\MediatR.Examples.Ninject.csproj", "{124CEC1B-16C7-4E33-AB57-6FB8E575D629}"
EndProject
Project("{9A19103F-16F7-4668-BE54-9A1E7A4F7556}") = "MediatR.Examples.SimpleInjector", "samples\MediatR.Examples.SimpleInjector\MediatR.Examples.SimpleInjector.csproj", "{A7FB2047-A4A0-4630-8C4C-31E7FA6ED902}"
EndProject
Project("{9A19103F-16F7-4668-BE54-9A1E7A4F7556}") = "MediatR.Examples.StructureMap", "samples\MediatR.Examples.StructureMap\MediatR.Examples.StructureMap.csproj", "{7487E97A-CDA0-454D-8F62-CEE376DD3C3E}"
EndProject
Project("{9A19103F-16F7-4668-BE54-9A1E7A4F7556}") = "MediatR.Examples.Windsor", "samples\MediatR.Examples.Windsor\MediatR.Examples.Windsor.csproj", "{BFF350A1-4FB1-4355-8437-675605BF8C52}"
EndProject
Project("{9A19103F-16F7-4668-BE54-9A1E7A4F7556}") = "MediatR.Examples.DryIoc", "samples\MediatR.Examples.DryIoc\MediatR.Examples.DryIoc.csproj", "{24A1217D-8438-45DA-A802-0A3A7A3DDFD1}"
EndProject
Project("{9A19103F-16F7-4668-BE54-9A1E7A4F7556}") = "MediatR.Examples.AspNetCore", "samples\MediatR.Examples.AspNetCore\MediatR.Examples.AspNetCore.csproj", "{4A255E84-AAC5-4ED9-ABAC-822804DBA4F1}"
EndProject
Project("{2150E333-8FDC-42A3-9474-1A3956D46DE8}") = "Solution Items", "Solution Items", "{1E133765-6B4E-46C2-8C6C-7238E8EABA79}"
	ProjectSection(SolutionItems) = preProject
		appveyor.yml = appveyor.yml
		Build.ps1 = Build.ps1
		Directory.Build.props = Directory.Build.props
		README.md = README.md
	EndProjectSection
EndProject
Project("{9A19103F-16F7-4668-BE54-9A1E7A4F7556}") = "MediatR.Examples.Unity", "samples\MediatR.Examples.Unity\MediatR.Examples.Unity.csproj", "{E6C51E44-59B4-4F4F-AFB3-4032CDDEF07A}"
EndProject
Project("{9A19103F-16F7-4668-BE54-9A1E7A4F7556}") = "MediatR.Examples.DryIocZero", "samples\MediatR.Examples.DryIocZero\MediatR.Examples.DryIocZero.csproj", "{49AC9726-ECDF-45C0-B5B8-B4AB7F0E6B46}"
EndProject
Project("{9A19103F-16F7-4668-BE54-9A1E7A4F7556}") = "MediatR.Examples.Lamar", "samples\MediatR.Examples.Lamar\MediatR.Examples.Lamar.csproj", "{F014598D-8B85-4D7E-942A-3493107ABE43}"
EndProject
Project("{FAE04EC0-301F-11D3-BF4B-00C04F79EFBC}") = "MediatR.Examples.PublishStrategies", "samples\MediatR.Examples.PublishStrategies\MediatR.Examples.PublishStrategies.csproj", "{867EBA13-62F4-4525-8F92-B0AD828EE6D4}"
EndProject
Global
	GlobalSection(SolutionConfigurationPlatforms) = preSolution
		Debug|Any CPU = Debug|Any CPU
		Release|Any CPU = Release|Any CPU
	EndGlobalSection
	GlobalSection(ProjectConfigurationPlatforms) = postSolution
		{12DA3F16-060B-467A-993F-2DF25EE6E6A8}.Debug|Any CPU.ActiveCfg = Debug|Any CPU
		{12DA3F16-060B-467A-993F-2DF25EE6E6A8}.Debug|Any CPU.Build.0 = Debug|Any CPU
		{12DA3F16-060B-467A-993F-2DF25EE6E6A8}.Release|Any CPU.ActiveCfg = Release|Any CPU
		{12DA3F16-060B-467A-993F-2DF25EE6E6A8}.Release|Any CPU.Build.0 = Release|Any CPU
		{4FB0CFC4-90E3-467F-9704-6FBF637F9B4B}.Debug|Any CPU.ActiveCfg = Debug|Any CPU
		{4FB0CFC4-90E3-467F-9704-6FBF637F9B4B}.Debug|Any CPU.Build.0 = Debug|Any CPU
		{4FB0CFC4-90E3-467F-9704-6FBF637F9B4B}.Release|Any CPU.ActiveCfg = Release|Any CPU
		{4FB0CFC4-90E3-467F-9704-6FBF637F9B4B}.Release|Any CPU.Build.0 = Release|Any CPU
		{18AB74EF-6E32-42C5-B6C4-159624CEDC5D}.Debug|Any CPU.ActiveCfg = Debug|Any CPU
		{18AB74EF-6E32-42C5-B6C4-159624CEDC5D}.Debug|Any CPU.Build.0 = Debug|Any CPU
		{18AB74EF-6E32-42C5-B6C4-159624CEDC5D}.Release|Any CPU.ActiveCfg = Release|Any CPU
		{18AB74EF-6E32-42C5-B6C4-159624CEDC5D}.Release|Any CPU.Build.0 = Release|Any CPU
		{DD286AB8-BA96-4476-82DF-371275EA8C10}.Debug|Any CPU.ActiveCfg = Debug|Any CPU
		{DD286AB8-BA96-4476-82DF-371275EA8C10}.Debug|Any CPU.Build.0 = Debug|Any CPU
		{DD286AB8-BA96-4476-82DF-371275EA8C10}.Release|Any CPU.ActiveCfg = Release|Any CPU
		{DD286AB8-BA96-4476-82DF-371275EA8C10}.Release|Any CPU.Build.0 = Release|Any CPU
		{0A0796F1-A0BE-4D15-A8F3-B6EFA41CAF0B}.Debug|Any CPU.ActiveCfg = Debug|Any CPU
		{0A0796F1-A0BE-4D15-A8F3-B6EFA41CAF0B}.Debug|Any CPU.Build.0 = Debug|Any CPU
		{0A0796F1-A0BE-4D15-A8F3-B6EFA41CAF0B}.Release|Any CPU.ActiveCfg = Release|Any CPU
		{0A0796F1-A0BE-4D15-A8F3-B6EFA41CAF0B}.Release|Any CPU.Build.0 = Release|Any CPU
		{124CEC1B-16C7-4E33-AB57-6FB8E575D629}.Debug|Any CPU.ActiveCfg = Debug|Any CPU
		{124CEC1B-16C7-4E33-AB57-6FB8E575D629}.Debug|Any CPU.Build.0 = Debug|Any CPU
		{124CEC1B-16C7-4E33-AB57-6FB8E575D629}.Release|Any CPU.ActiveCfg = Release|Any CPU
		{124CEC1B-16C7-4E33-AB57-6FB8E575D629}.Release|Any CPU.Build.0 = Release|Any CPU
		{A7FB2047-A4A0-4630-8C4C-31E7FA6ED902}.Debug|Any CPU.ActiveCfg = Debug|Any CPU
		{A7FB2047-A4A0-4630-8C4C-31E7FA6ED902}.Debug|Any CPU.Build.0 = Debug|Any CPU
		{A7FB2047-A4A0-4630-8C4C-31E7FA6ED902}.Release|Any CPU.ActiveCfg = Release|Any CPU
		{A7FB2047-A4A0-4630-8C4C-31E7FA6ED902}.Release|Any CPU.Build.0 = Release|Any CPU
		{7487E97A-CDA0-454D-8F62-CEE376DD3C3E}.Debug|Any CPU.ActiveCfg = Debug|Any CPU
		{7487E97A-CDA0-454D-8F62-CEE376DD3C3E}.Debug|Any CPU.Build.0 = Debug|Any CPU
		{7487E97A-CDA0-454D-8F62-CEE376DD3C3E}.Release|Any CPU.ActiveCfg = Release|Any CPU
		{7487E97A-CDA0-454D-8F62-CEE376DD3C3E}.Release|Any CPU.Build.0 = Release|Any CPU
		{BFF350A1-4FB1-4355-8437-675605BF8C52}.Debug|Any CPU.ActiveCfg = Debug|Any CPU
		{BFF350A1-4FB1-4355-8437-675605BF8C52}.Debug|Any CPU.Build.0 = Debug|Any CPU
		{BFF350A1-4FB1-4355-8437-675605BF8C52}.Release|Any CPU.ActiveCfg = Release|Any CPU
		{BFF350A1-4FB1-4355-8437-675605BF8C52}.Release|Any CPU.Build.0 = Release|Any CPU
		{24A1217D-8438-45DA-A802-0A3A7A3DDFD1}.Debug|Any CPU.ActiveCfg = Debug|Any CPU
		{24A1217D-8438-45DA-A802-0A3A7A3DDFD1}.Debug|Any CPU.Build.0 = Debug|Any CPU
		{24A1217D-8438-45DA-A802-0A3A7A3DDFD1}.Release|Any CPU.ActiveCfg = Release|Any CPU
		{24A1217D-8438-45DA-A802-0A3A7A3DDFD1}.Release|Any CPU.Build.0 = Release|Any CPU
		{4A255E84-AAC5-4ED9-ABAC-822804DBA4F1}.Debug|Any CPU.ActiveCfg = Debug|Any CPU
		{4A255E84-AAC5-4ED9-ABAC-822804DBA4F1}.Debug|Any CPU.Build.0 = Debug|Any CPU
		{4A255E84-AAC5-4ED9-ABAC-822804DBA4F1}.Release|Any CPU.ActiveCfg = Release|Any CPU
		{4A255E84-AAC5-4ED9-ABAC-822804DBA4F1}.Release|Any CPU.Build.0 = Release|Any CPU
		{E6C51E44-59B4-4F4F-AFB3-4032CDDEF07A}.Debug|Any CPU.ActiveCfg = Debug|Any CPU
		{E6C51E44-59B4-4F4F-AFB3-4032CDDEF07A}.Debug|Any CPU.Build.0 = Debug|Any CPU
		{E6C51E44-59B4-4F4F-AFB3-4032CDDEF07A}.Release|Any CPU.ActiveCfg = Release|Any CPU
		{E6C51E44-59B4-4F4F-AFB3-4032CDDEF07A}.Release|Any CPU.Build.0 = Release|Any CPU
		{49AC9726-ECDF-45C0-B5B8-B4AB7F0E6B46}.Debug|Any CPU.ActiveCfg = Debug|Any CPU
		{49AC9726-ECDF-45C0-B5B8-B4AB7F0E6B46}.Debug|Any CPU.Build.0 = Debug|Any CPU
		{49AC9726-ECDF-45C0-B5B8-B4AB7F0E6B46}.Release|Any CPU.ActiveCfg = Release|Any CPU
		{49AC9726-ECDF-45C0-B5B8-B4AB7F0E6B46}.Release|Any CPU.Build.0 = Release|Any CPU
		{F014598D-8B85-4D7E-942A-3493107ABE43}.Debug|Any CPU.ActiveCfg = Debug|Any CPU
		{F014598D-8B85-4D7E-942A-3493107ABE43}.Debug|Any CPU.Build.0 = Debug|Any CPU
		{F014598D-8B85-4D7E-942A-3493107ABE43}.Release|Any CPU.ActiveCfg = Release|Any CPU
		{F014598D-8B85-4D7E-942A-3493107ABE43}.Release|Any CPU.Build.0 = Release|Any CPU
		{867EBA13-62F4-4525-8F92-B0AD828EE6D4}.Debug|Any CPU.ActiveCfg = Debug|Any CPU
		{867EBA13-62F4-4525-8F92-B0AD828EE6D4}.Debug|Any CPU.Build.0 = Debug|Any CPU
		{867EBA13-62F4-4525-8F92-B0AD828EE6D4}.Release|Any CPU.ActiveCfg = Release|Any CPU
		{867EBA13-62F4-4525-8F92-B0AD828EE6D4}.Release|Any CPU.Build.0 = Release|Any CPU
	EndGlobalSection
	GlobalSection(SolutionProperties) = preSolution
		HideSolutionNode = FALSE
	EndGlobalSection
	GlobalSection(NestedProjects) = preSolution
		{12DA3F16-060B-467A-993F-2DF25EE6E6A8} = {6267E2ED-942C-497D-BFC9-B3CE0AFC276F}
		{4FB0CFC4-90E3-467F-9704-6FBF637F9B4B} = {962C5ACA-AB2B-4E9B-9EBB-7E7EE28CDBB1}
		{18AB74EF-6E32-42C5-B6C4-159624CEDC5D} = {95CFF0CD-87A6-4CB6-A99F-42EAD0829E37}
		{DD286AB8-BA96-4476-82DF-371275EA8C10} = {95CFF0CD-87A6-4CB6-A99F-42EAD0829E37}
		{0A0796F1-A0BE-4D15-A8F3-B6EFA41CAF0B} = {95CFF0CD-87A6-4CB6-A99F-42EAD0829E37}
		{124CEC1B-16C7-4E33-AB57-6FB8E575D629} = {95CFF0CD-87A6-4CB6-A99F-42EAD0829E37}
		{A7FB2047-A4A0-4630-8C4C-31E7FA6ED902} = {95CFF0CD-87A6-4CB6-A99F-42EAD0829E37}
		{7487E97A-CDA0-454D-8F62-CEE376DD3C3E} = {95CFF0CD-87A6-4CB6-A99F-42EAD0829E37}
		{BFF350A1-4FB1-4355-8437-675605BF8C52} = {95CFF0CD-87A6-4CB6-A99F-42EAD0829E37}
		{24A1217D-8438-45DA-A802-0A3A7A3DDFD1} = {95CFF0CD-87A6-4CB6-A99F-42EAD0829E37}
		{4A255E84-AAC5-4ED9-ABAC-822804DBA4F1} = {95CFF0CD-87A6-4CB6-A99F-42EAD0829E37}
		{E6C51E44-59B4-4F4F-AFB3-4032CDDEF07A} = {95CFF0CD-87A6-4CB6-A99F-42EAD0829E37}
		{49AC9726-ECDF-45C0-B5B8-B4AB7F0E6B46} = {95CFF0CD-87A6-4CB6-A99F-42EAD0829E37}
		{F014598D-8B85-4D7E-942A-3493107ABE43} = {95CFF0CD-87A6-4CB6-A99F-42EAD0829E37}
		{867EBA13-62F4-4525-8F92-B0AD828EE6D4} = {95CFF0CD-87A6-4CB6-A99F-42EAD0829E37}
	EndGlobalSection
	GlobalSection(ExtensibilityGlobals) = postSolution
		SolutionGuid = {D58286E3-878B-4ACB-8E76-F61E708D4339}
	EndGlobalSection
EndGlobal
