
Microsoft Visual Studio Solution File, Format Version 12.00
# Visual Studio 14
VisualStudioVersion = 14.0.24720.0
MinimumVisualStudioVersion = 10.0.40219.1
Project("{FAE04EC0-301F-11D3-BF4B-00C04F79EFBC}") = "MediatR.Tests", "test\MediatR.Tests\MediatR.Tests.csproj", "{B81A30EB-BAC9-4FEA-8D65-FCBC2CDAC52B}"
EndProject
Project("{FAE04EC0-301F-11D3-BF4B-00C04F79EFBC}") = "MediatR.Examples.StructureMap", "samples\MediatR.Examples.StructureMap\MediatR.Examples.StructureMap.csproj", "{C309CE69-7B72-4B6F-8456-A8936F740CF6}"
EndProject
Project("{2150E333-8FDC-42A3-9474-1A3956D46DE8}") = "samples", "samples", "{F0AA3786-7BBF-46D1-AE38-C1938F33EF20}"
EndProject
Project("{FAE04EC0-301F-11D3-BF4B-00C04F79EFBC}") = "MediatR.Examples", "samples\MediatR.Examples\MediatR.Examples.csproj", "{DE7E7466-B06A-4E8A-9CFC-443464D55923}"
EndProject
Project("{FAE04EC0-301F-11D3-BF4B-00C04F79EFBC}") = "MediatR.Examples.Ninject", "samples\MediatR.Examples.Ninject\MediatR.Examples.Ninject.csproj", "{4EDB4678-2D36-486A-A123-FDB57EB5F6A9}"
EndProject
Project("{FAE04EC0-301F-11D3-BF4B-00C04F79EFBC}") = "MediatR.Examples.Autofac", "samples\MediatR.Examples.Autofac\MediatR.Examples.Autofac.csproj", "{18E4617F-7766-4102-AEB1-D8CCCC64C955}"
EndProject
Project("{FAE04EC0-301F-11D3-BF4B-00C04F79EFBC}") = "MediatR.Examples.Windsor", "samples\MediatR.Examples.Windsor\MediatR.Examples.Windsor.csproj", "{7B35EF61-0636-4BC5-8D14-18939AF867D4}"
EndProject
Project("{FAE04EC0-301F-11D3-BF4B-00C04F79EFBC}") = "MediatR.Examples.Unity", "samples\MediatR.Examples.Unity\MediatR.Examples.Unity.csproj", "{EA6A7157-A8CD-4B85-947E-3F3C399B8A29}"
EndProject
Project("{FAE04EC0-301F-11D3-BF4B-00C04F79EFBC}") = "MediatR.Examples.SimpleInjector", "samples\MediatR.Examples.SimpleInjector\MediatR.Examples.SimpleInjector.csproj", "{6F2DECD8-AC23-446E-96E4-F462EF76817A}"
EndProject
Project("{FAE04EC0-301F-11D3-BF4B-00C04F79EFBC}") = "MediatR.Examples.LightInject", "samples\MediatR.Examples.LightInject\MediatR.Examples.LightInject.csproj", "{363449D4-8541-4DE2-82B2-64CE7A2DDAE2}"
EndProject
Project("{FAE04EC0-301F-11D3-BF4B-00C04F79EFBC}") = "MediatR.Examples.StructureMap.WebAPI", "samples\MediatR.Examples.StructureMap.WebAPI\MediatR.Examples.StructureMap.WebAPI.csproj", "{13A843A3-F162-4FF0-A133-A01DD15D21BD}"
EndProject
Project("{FAE04EC0-301F-11D3-BF4B-00C04F79EFBC}") = "MediatR", "src\MediatR\MediatR.csproj", "{D0CDC351-9F10-4531-BDFF-D9796487E9CE}"
EndProject
Project("{FAE04EC0-301F-11D3-BF4B-00C04F79EFBC}") = "MediatR.Examples.NoContainer", "samples\MediatR.Examples.NoContainer\MediatR.Examples.NoContainer.csproj", "{616E03A2-46DC-4193-AB9A-E71E2BFC4D52}"
EndProject
Project("{2150E333-8FDC-42A3-9474-1A3956D46DE8}") = "src", "src", "{E680F5A3-44D0-49D6-B9D8-190EF63B581D}"
EndProject
Project("{2150E333-8FDC-42A3-9474-1A3956D46DE8}") = "test", "test", "{989FCB04-1F08-4DC8-840F-7DE1A6B2316F}"
EndProject
Global
	GlobalSection(SolutionConfigurationPlatforms) = preSolution
		Debug|Any CPU = Debug|Any CPU
		Release|Any CPU = Release|Any CPU
	EndGlobalSection
	GlobalSection(ProjectConfigurationPlatforms) = postSolution
		{B81A30EB-BAC9-4FEA-8D65-FCBC2CDAC52B}.Debug|Any CPU.ActiveCfg = Debug|Any CPU
		{B81A30EB-BAC9-4FEA-8D65-FCBC2CDAC52B}.Debug|Any CPU.Build.0 = Debug|Any CPU
		{B81A30EB-BAC9-4FEA-8D65-FCBC2CDAC52B}.Release|Any CPU.ActiveCfg = Release|Any CPU
		{B81A30EB-BAC9-4FEA-8D65-FCBC2CDAC52B}.Release|Any CPU.Build.0 = Release|Any CPU
		{C309CE69-7B72-4B6F-8456-A8936F740CF6}.Debug|Any CPU.ActiveCfg = Debug|Any CPU
		{C309CE69-7B72-4B6F-8456-A8936F740CF6}.Debug|Any CPU.Build.0 = Debug|Any CPU
		{C309CE69-7B72-4B6F-8456-A8936F740CF6}.Release|Any CPU.ActiveCfg = Release|Any CPU
		{C309CE69-7B72-4B6F-8456-A8936F740CF6}.Release|Any CPU.Build.0 = Release|Any CPU
		{DE7E7466-B06A-4E8A-9CFC-443464D55923}.Debug|Any CPU.ActiveCfg = Debug|Any CPU
		{DE7E7466-B06A-4E8A-9CFC-443464D55923}.Debug|Any CPU.Build.0 = Debug|Any CPU
		{DE7E7466-B06A-4E8A-9CFC-443464D55923}.Release|Any CPU.ActiveCfg = Release|Any CPU
		{DE7E7466-B06A-4E8A-9CFC-443464D55923}.Release|Any CPU.Build.0 = Release|Any CPU
		{4EDB4678-2D36-486A-A123-FDB57EB5F6A9}.Debug|Any CPU.ActiveCfg = Debug|Any CPU
		{4EDB4678-2D36-486A-A123-FDB57EB5F6A9}.Debug|Any CPU.Build.0 = Debug|Any CPU
		{4EDB4678-2D36-486A-A123-FDB57EB5F6A9}.Release|Any CPU.ActiveCfg = Release|Any CPU
		{4EDB4678-2D36-486A-A123-FDB57EB5F6A9}.Release|Any CPU.Build.0 = Release|Any CPU
		{18E4617F-7766-4102-AEB1-D8CCCC64C955}.Debug|Any CPU.ActiveCfg = Debug|Any CPU
		{18E4617F-7766-4102-AEB1-D8CCCC64C955}.Debug|Any CPU.Build.0 = Debug|Any CPU
		{18E4617F-7766-4102-AEB1-D8CCCC64C955}.Release|Any CPU.ActiveCfg = Release|Any CPU
		{18E4617F-7766-4102-AEB1-D8CCCC64C955}.Release|Any CPU.Build.0 = Release|Any CPU
		{7B35EF61-0636-4BC5-8D14-18939AF867D4}.Debug|Any CPU.ActiveCfg = Debug|Any CPU
		{7B35EF61-0636-4BC5-8D14-18939AF867D4}.Debug|Any CPU.Build.0 = Debug|Any CPU
		{7B35EF61-0636-4BC5-8D14-18939AF867D4}.Release|Any CPU.ActiveCfg = Release|Any CPU
		{7B35EF61-0636-4BC5-8D14-18939AF867D4}.Release|Any CPU.Build.0 = Release|Any CPU
		{EA6A7157-A8CD-4B85-947E-3F3C399B8A29}.Debug|Any CPU.ActiveCfg = Debug|Any CPU
		{EA6A7157-A8CD-4B85-947E-3F3C399B8A29}.Debug|Any CPU.Build.0 = Debug|Any CPU
		{EA6A7157-A8CD-4B85-947E-3F3C399B8A29}.Release|Any CPU.ActiveCfg = Release|Any CPU
		{EA6A7157-A8CD-4B85-947E-3F3C399B8A29}.Release|Any CPU.Build.0 = Release|Any CPU
		{6F2DECD8-AC23-446E-96E4-F462EF76817A}.Debug|Any CPU.ActiveCfg = Debug|Any CPU
		{6F2DECD8-AC23-446E-96E4-F462EF76817A}.Debug|Any CPU.Build.0 = Debug|Any CPU
		{6F2DECD8-AC23-446E-96E4-F462EF76817A}.Release|Any CPU.ActiveCfg = Release|Any CPU
		{6F2DECD8-AC23-446E-96E4-F462EF76817A}.Release|Any CPU.Build.0 = Release|Any CPU
		{363449D4-8541-4DE2-82B2-64CE7A2DDAE2}.Debug|Any CPU.ActiveCfg = Debug|Any CPU
		{363449D4-8541-4DE2-82B2-64CE7A2DDAE2}.Debug|Any CPU.Build.0 = Debug|Any CPU
		{363449D4-8541-4DE2-82B2-64CE7A2DDAE2}.Release|Any CPU.ActiveCfg = Release|Any CPU
		{363449D4-8541-4DE2-82B2-64CE7A2DDAE2}.Release|Any CPU.Build.0 = Release|Any CPU
		{13A843A3-F162-4FF0-A133-A01DD15D21BD}.Debug|Any CPU.ActiveCfg = Debug|Any CPU
		{13A843A3-F162-4FF0-A133-A01DD15D21BD}.Debug|Any CPU.Build.0 = Debug|Any CPU
		{13A843A3-F162-4FF0-A133-A01DD15D21BD}.Release|Any CPU.ActiveCfg = Release|Any CPU
		{13A843A3-F162-4FF0-A133-A01DD15D21BD}.Release|Any CPU.Build.0 = Release|Any CPU
		{D0CDC351-9F10-4531-BDFF-D9796487E9CE}.Debug|Any CPU.ActiveCfg = Debug|Any CPU
		{D0CDC351-9F10-4531-BDFF-D9796487E9CE}.Debug|Any CPU.Build.0 = Debug|Any CPU
		{D0CDC351-9F10-4531-BDFF-D9796487E9CE}.Release|Any CPU.ActiveCfg = Release|Any CPU
		{D0CDC351-9F10-4531-BDFF-D9796487E9CE}.Release|Any CPU.Build.0 = Release|Any CPU
		{616E03A2-46DC-4193-AB9A-E71E2BFC4D52}.Debug|Any CPU.ActiveCfg = Debug|Any CPU
		{616E03A2-46DC-4193-AB9A-E71E2BFC4D52}.Debug|Any CPU.Build.0 = Debug|Any CPU
		{616E03A2-46DC-4193-AB9A-E71E2BFC4D52}.Release|Any CPU.ActiveCfg = Release|Any CPU
		{616E03A2-46DC-4193-AB9A-E71E2BFC4D52}.Release|Any CPU.Build.0 = Release|Any CPU
	EndGlobalSection
	GlobalSection(SolutionProperties) = preSolution
		HideSolutionNode = FALSE
	EndGlobalSection
	GlobalSection(NestedProjects) = preSolution
		{B81A30EB-BAC9-4FEA-8D65-FCBC2CDAC52B} = {989FCB04-1F08-4DC8-840F-7DE1A6B2316F}
		{C309CE69-7B72-4B6F-8456-A8936F740CF6} = {F0AA3786-7BBF-46D1-AE38-C1938F33EF20}
		{DE7E7466-B06A-4E8A-9CFC-443464D55923} = {F0AA3786-7BBF-46D1-AE38-C1938F33EF20}
		{4EDB4678-2D36-486A-A123-FDB57EB5F6A9} = {F0AA3786-7BBF-46D1-AE38-C1938F33EF20}
		{18E4617F-7766-4102-AEB1-D8CCCC64C955} = {F0AA3786-7BBF-46D1-AE38-C1938F33EF20}
		{7B35EF61-0636-4BC5-8D14-18939AF867D4} = {F0AA3786-7BBF-46D1-AE38-C1938F33EF20}
		{EA6A7157-A8CD-4B85-947E-3F3C399B8A29} = {F0AA3786-7BBF-46D1-AE38-C1938F33EF20}
		{6F2DECD8-AC23-446E-96E4-F462EF76817A} = {F0AA3786-7BBF-46D1-AE38-C1938F33EF20}
		{363449D4-8541-4DE2-82B2-64CE7A2DDAE2} = {F0AA3786-7BBF-46D1-AE38-C1938F33EF20}
		{13A843A3-F162-4FF0-A133-A01DD15D21BD} = {F0AA3786-7BBF-46D1-AE38-C1938F33EF20}
		{D0CDC351-9F10-4531-BDFF-D9796487E9CE} = {E680F5A3-44D0-49D6-B9D8-190EF63B581D}
		{616E03A2-46DC-4193-AB9A-E71E2BFC4D52} = {F0AA3786-7BBF-46D1-AE38-C1938F33EF20}
	EndGlobalSection
EndGlobal
